{
  "version": 4,
  "terraform_version": "1.11.3",
  "serial": 7,
  "lineage": "258291a1-876f-fea5-3733-ad18b47d5765",
  "outputs": {},
  "resources": [
    {
      "mode": "managed",
      "type": "azurerm_app_service",
      "name": "app",
      "provider": "provider[\"registry.terraform.io/hashicorp/azurerm\"]",
      "instances": [
        {
          "schema_version": 0,
          "attributes": {
            "app_service_plan_id": "/subscriptions/e903e03e-c3ba-49ed-8771-53e75dab7364/resourceGroups/rg-jenkins-terraform/providers/Microsoft.Web/serverFarms/app-service-plan",
            "app_settings": {
              "FTP_BASIC_AUTH_ENABLED": "true",
              "SCM_BASIC_AUTH_ENABLED": "true",
              "WEBSITE_DISABLE_SCM_SEPARATION": "false"
            },
            "auth_settings": [
              {
                "active_directory": [],
                "additional_login_params": {},
                "allowed_external_redirect_urls": [],
                "default_provider": "",
                "enabled": false,
                "facebook": [],
                "google": [],
                "issuer": "",
                "microsoft": [],
                "runtime_version": "",
                "token_refresh_extension_hours": 0,
                "token_store_enabled": false,
                "twitter": [],
                "unauthenticated_client_action": ""
              }
            ],
            "backup": [],
            "client_affinity_enabled": false,
            "client_cert_enabled": false,
            "client_cert_mode": "Required",
            "connection_string": [],
            "custom_domain_verification_id": "082DE24D51033A3708414FB016924D412DE808DB74CA5E6B23E243816C69855D",
            "default_site_hostname": "webapiterraform122002.azurewebsites.net",
            "enabled": true,
            "https_only": false,
            "id": "/subscriptions/e903e03e-c3ba-49ed-8771-53e75dab7364/resourceGroups/rg-jenkins-terraform/providers/Microsoft.Web/sites/webapiterraform122002",
            "identity": [],
            "key_vault_reference_identity_id": "SystemAssigned",
            "location": "southeastasia",
            "logs": [
              {
                "application_logs": [
                  {
                    "azure_blob_storage": [],
                    "file_system_level": "Off"
                  }
                ],
                "detailed_error_messages_enabled": false,
                "failed_request_tracing_enabled": false,
                "http_logs": [
                  {
                    "azure_blob_storage": [],
                    "file_system": []
                  }
                ]
              }
            ],
            "name": "webapiterraform122002",
            "outbound_ip_address_list": [
              "172.188.197.214",
              "172.188.197.241",
              "172.188.193.94",
              "172.188.198.18",
              "172.188.195.225",
              "172.188.197.70",
              "172.188.194.175",
              "172.188.194.199",
              "172.188.195.117",
              "172.188.195.153",
              "172.188.196.13",
              "172.188.197.51",
              "20.212.64.3"
            ],
            "outbound_ip_addresses": "172.188.197.214,172.188.197.241,172.188.193.94,172.188.198.18,172.188.195.225,172.188.197.70,172.188.194.175,172.188.194.199,172.188.195.117,172.188.195.153,172.188.196.13,172.188.197.51,20.212.64.3",
            "possible_outbound_ip_address_list": [
              "172.188.197.214",
              "172.188.197.241",
              "172.188.193.94",
              "172.188.198.18",
              "172.188.195.225",
              "172.188.197.70",
              "172.188.194.175",
              "172.188.194.199",
              "172.188.195.117",
              "172.188.195.153",
              "172.188.196.13",
              "172.188.197.51",
              "172.188.197.58",
              "172.188.197.72",
              "172.188.197.81",
              "172.188.197.124",
              "172.188.197.135",
              "172.188.197.162",
              "172.188.197.166",
              "172.188.197.181",
              "172.188.197.182",
              "172.188.192.218",
              "172.188.197.203",
              "172.188.197.208",
              "172.188.198.13",
              "172.188.198.25",
              "172.188.192.198",
              "172.188.198.38",
              "172.188.198.90",
              "172.188.198.120",
              "20.212.64.3"
            ],
            "possible_outbound_ip_addresses": "172.188.197.214,172.188.197.241,172.188.193.94,172.188.198.18,172.188.195.225,172.188.197.70,172.188.194.175,172.188.194.199,172.188.195.117,172.188.195.153,172.188.196.13,172.188.197.51,172.188.197.58,172.188.197.72,172.188.197.81,172.188.197.124,172.188.197.135,172.188.197.162,172.188.197.166,172.188.197.181,172.188.197.182,172.188.192.218,172.188.197.203,172.188.197.208,172.188.198.13,172.188.198.25,172.188.192.198,172.188.198.38,172.188.198.90,172.188.198.120,20.212.64.3",
            "resource_group_name": "rg-jenkins-terraform",
            "site_config": [
              {
                "acr_use_managed_identity_credentials": false,
                "acr_user_managed_identity_client_id": "",
                "always_on": false,
                "app_command_line": "",
                "auto_swap_slot_name": "",
                "cors": [
                  {
                    "allowed_origins": [],
                    "support_credentials": false
                  }
                ],
                "default_documents": null,
                "dotnet_framework_version": "v4.0",
                "ftps_state": "AllAllowed",
                "health_check_path": "",
                "http2_enabled": false,
                "ip_restriction": [],
                "java_container": "",
                "java_container_version": "",
                "java_version": "",
                "linux_fx_version": "DOTNETCORE|8.0",
                "local_mysql_enabled": false,
                "managed_pipeline_mode": "Integrated",
                "min_tls_version": "1.2",
                "number_of_workers": 1,
                "php_version": "",
                "python_version": "",
                "remote_debugging_enabled": false,
                "remote_debugging_version": "VS2022",
                "scm_ip_restriction": [],
                "scm_type": "None",
                "scm_use_main_ip_restriction": false,
                "use_32_bit_worker_process": false,
                "vnet_route_all_enabled": false,
                "websockets_enabled": false,
                "windows_fx_version": ""
              }
            ],
            "site_credential": [
              {
                "password": "pw6vq8n3a1mnzq7tH6QghdNAj9aJuwzFxe09idBrpqqEvsY8W958YxTZgeMH",
                "username": "$webapiterraform122002"
              }
            ],
            "source_control": [
              {
                "branch": "main",
                "manual_integration": false,
                "repo_url": "",
                "rollback_enabled": false,
                "use_mercurial": false
              }
            ],
            "storage_account": [],
            "tags": null,
            "timeouts": null
          },
          "sensitive_attributes": [],
          "private": "eyJlMmJmYjczMC1lY2FhLTExZTYtOGY4OC0zNDM2M2JjN2M0YzAiOnsiY3JlYXRlIjoxODAwMDAwMDAwMDAwLCJkZWxldGUiOjE4MDAwMDAwMDAwMDAsInJlYWQiOjMwMDAwMDAwMDAwMCwidXBkYXRlIjoxODAwMDAwMDAwMDAwfX0=",
          "dependencies": [
            "azurerm_app_service_plan.asp",
            "azurerm_resource_group.rg"
          ]
        }
      ]
    },
    {
      "mode": "managed",
      "type": "azurerm_app_service_plan",
      "name": "asp",
      "provider": "provider[\"registry.terraform.io/hashicorp/azurerm\"]",
      "instances": [
        {
          "schema_version": 1,
          "attributes": {
            "app_service_environment_id": "",
            "id": "/subscriptions/e903e03e-c3ba-49ed-8771-53e75dab7364/resourceGroups/rg-jenkins-terraform/providers/Microsoft.Web/serverFarms/app-service-plan",
            "is_xenon": false,
            "kind": "linux",
            "location": "southeastasia",
            "maximum_elastic_worker_count": 1,
            "maximum_number_of_workers": 3,
            "name": "app-service-plan",
            "per_site_scaling": false,
            "reserved": true,
            "resource_group_name": "rg-jenkins-terraform",
            "sku": [
              {
                "capacity": 1,
                "size": "B1",
                "tier": "Basic"
              }
            ],
            "tags": {},
            "timeouts": null,
            "zone_redundant": false
          },
          "sensitive_attributes": [],
          "private": "eyJlMmJmYjczMC1lY2FhLTExZTYtOGY4OC0zNDM2M2JjN2M0YzAiOnsiY3JlYXRlIjozNjAwMDAwMDAwMDAwLCJkZWxldGUiOjM2MDAwMDAwMDAwMDAsInJlYWQiOjMwMDAwMDAwMDAwMCwidXBkYXRlIjozNjAwMDAwMDAwMDAwfSwic2NoZW1hX3ZlcnNpb24iOiIxIn0=",
          "dependencies": [
            "azurerm_resource_group.rg"
          ]
        }
      ]
    },
    {
      "mode": "managed",
      "type": "azurerm_resource_group",
      "name": "rg",
      "provider": "provider[\"registry.terraform.io/hashicorp/azurerm\"]",
      "instances": [
        {
          "schema_version": 0,
          "attributes": {
            "id": "/subscriptions/e903e03e-c3ba-49ed-8771-53e75dab7364/resourceGroups/rg-jenkins-terraform",
            "location": "southeastasia",
            "managed_by": "",
            "name": "rg-jenkins-terraform",
            "tags": {},
            "timeouts": null
          },
          "sensitive_attributes": [],
          "private": "eyJlMmJmYjczMC1lY2FhLTExZTYtOGY4OC0zNDM2M2JjN2M0YzAiOnsiY3JlYXRlIjo1NDAwMDAwMDAwMDAwLCJkZWxldGUiOjU0MDAwMDAwMDAwMDAsInJlYWQiOjMwMDAwMDAwMDAwMCwidXBkYXRlIjo1NDAwMDAwMDAwMDAwfX0="
        }
      ]
    }
  ],
  "check_results": null
}
