{
  "version": 4,
  "terraform_version": "1.11.3",
  "serial": 4,
  "lineage": "258291a1-876f-fea5-3733-ad18b47d5765",
  "outputs": {},
  "resources": [
    {
      "mode": "managed",
      "type": "azurerm_app_service",
      "name": "app",
      "provider": "provider[\"registry.terraform.io/hashicorp/azurerm\"]",
      "instances": [
        {
          "status": "tainted",
          "schema_version": 0,
          "attributes": {
            "app_service_plan_id": "/subscriptions/e903e03e-c3ba-49ed-8771-53e75dab7364/resourceGroups/rg-jenkins-terraform/providers/Microsoft.Web/serverFarms/app-service-plan",
            "app_settings": {
              "FTP_BASIC_AUTH_ENABLED": "true",
              "SCM_BASIC_AUTH_ENABLED": "true",
              "WEBSITE_AUTH_ENABLED": "false",
              "WEBSITE_DISABLE_SCM_SEPARATION": "false"
            },
            "auth_settings": null,
            "backup": [],
            "client_affinity_enabled": false,
            "client_cert_enabled": false,
            "client_cert_mode": null,
            "connection_string": [],
            "custom_domain_verification_id": null,
            "default_site_hostname": null,
            "enabled": true,
            "https_only": false,
            "id": "/subscriptions/e903e03e-c3ba-49ed-8771-53e75dab7364/resourceGroups/rg-jenkins-terraform/providers/Microsoft.Web/sites/webapiterraform122002",
            "identity": [],
            "key_vault_reference_identity_id": null,
            "location": "southeastasia",
            "logs": null,
            "name": "webapiterraform122002",
            "outbound_ip_address_list": null,
            "outbound_ip_addresses": null,
            "possible_outbound_ip_address_list": null,
            "possible_outbound_ip_addresses": null,
            "resource_group_name": "rg-jenkins-terraform",
            "site_config": [
              {
                "acr_use_managed_identity_credentials": false,
                "acr_user_managed_identity_client_id": "",
                "always_on": false,
                "app_command_line": "",
                "auto_swap_slot_name": "",
                "cors": [],
                "default_documents": null,
                "dotnet_framework_version": "v4.0",
                "ftps_state": "AllAllowed",
                "health_check_path": "",
                "http2_enabled": false,
                "ip_restriction": [],
                "java_container": "",
                "java_container_version": "",
                "java_version": "",
                "linux_fx_version": "DOTNETCORE|8.0",
                "local_mysql_enabled": false,
                "managed_pipeline_mode": "",
                "min_tls_version": "",
                "number_of_workers": 0,
                "php_version": "",
                "python_version": "",
                "remote_debugging_enabled": false,
                "remote_debugging_version": "",
                "scm_ip_restriction": [],
                "scm_type": "",
                "scm_use_main_ip_restriction": false,
                "use_32_bit_worker_process": false,
                "vnet_route_all_enabled": false,
                "websockets_enabled": false,
                "windows_fx_version": ""
              }
            ],
            "site_credential": null,
            "source_control": null,
            "storage_account": [],
            "tags": null,
            "timeouts": null
          },
          "sensitive_attributes": [],
          "private": "eyJlMmJmYjczMC1lY2FhLTExZTYtOGY4OC0zNDM2M2JjN2M0YzAiOnsiY3JlYXRlIjoxODAwMDAwMDAwMDAwLCJkZWxldGUiOjE4MDAwMDAwMDAwMDAsInJlYWQiOjMwMDAwMDAwMDAwMCwidXBkYXRlIjoxODAwMDAwMDAwMDAwfX0=",
          "dependencies": [
            "azurerm_app_service_plan.asp",
            "azurerm_resource_group.rg"
          ]
        }
      ]
    },
    {
      "mode": "managed",
      "type": "azurerm_app_service_plan",
      "name": "asp",
      "provider": "provider[\"registry.terraform.io/hashicorp/azurerm\"]",
      "instances": [
        {
          "schema_version": 1,
          "attributes": {
            "app_service_environment_id": "",
            "id": "/subscriptions/e903e03e-c3ba-49ed-8771-53e75dab7364/resourceGroups/rg-jenkins-terraform/providers/Microsoft.Web/serverFarms/app-service-plan",
            "is_xenon": false,
            "kind": "linux",
            "location": "southeastasia",
            "maximum_elastic_worker_count": 1,
            "maximum_number_of_workers": 3,
            "name": "app-service-plan",
            "per_site_scaling": false,
            "reserved": true,
            "resource_group_name": "rg-jenkins-terraform",
            "sku": [
              {
                "capacity": 1,
                "size": "B1",
                "tier": "Basic"
              }
            ],
            "tags": null,
            "timeouts": null,
            "zone_redundant": false
          },
          "sensitive_attributes": [],
          "private": "eyJlMmJmYjczMC1lY2FhLTExZTYtOGY4OC0zNDM2M2JjN2M0YzAiOnsiY3JlYXRlIjozNjAwMDAwMDAwMDAwLCJkZWxldGUiOjM2MDAwMDAwMDAwMDAsInJlYWQiOjMwMDAwMDAwMDAwMCwidXBkYXRlIjozNjAwMDAwMDAwMDAwfSwic2NoZW1hX3ZlcnNpb24iOiIxIn0=",
          "dependencies": [
            "azurerm_resource_group.rg"
          ]
        }
      ]
    },
    {
      "mode": "managed",
      "type": "azurerm_resource_group",
      "name": "rg",
      "provider": "provider[\"registry.terraform.io/hashicorp/azurerm\"]",
      "instances": [
        {
          "schema_version": 0,
          "attributes": {
            "id": "/subscriptions/e903e03e-c3ba-49ed-8771-53e75dab7364/resourceGroups/rg-jenkins-terraform",
            "location": "southeastasia",
            "managed_by": "",
            "name": "rg-jenkins-terraform",
            "tags": null,
            "timeouts": null
          },
          "sensitive_attributes": [],
          "private": "eyJlMmJmYjczMC1lY2FhLTExZTYtOGY4OC0zNDM2M2JjN2M0YzAiOnsiY3JlYXRlIjo1NDAwMDAwMDAwMDAwLCJkZWxldGUiOjU0MDAwMDAwMDAwMDAsInJlYWQiOjMwMDAwMDAwMDAwMCwidXBkYXRlIjo1NDAwMDAwMDAwMDAwfX0="
        }
      ]
    }
  ],
  "check_results": null
}
